
Microsoft Visual Studio Solution File, Format Version 12.00
# Visual Studio Version 17
VisualStudioVersion = 17.5.002.0
MinimumVisualStudioVersion = 10.0.40219.1
Project("{2150E333-8FDC-42A3-9474-1A3956D46DE8}") = "src", "src", "{F0080DC4-154C-4A88-B693-E500B5795BEA}"
EndProject
Project("{9A19103F-16F7-4668-BE54-9A1E7A4F7556}") = "Gradebook", "src\Gradebook\Gradebook.csproj", "{ED77DB09-D613-4D96-83C3-5A32B991EB0E}"
EndProject
Project("{2150E333-8FDC-42A3-9474-1A3956D46DE8}") = "test", "test", "{CB2764EF-240E-415C-80FC-0D3221CD5357}"
EndProject
Project("{9A19103F-16F7-4668-BE54-9A1E7A4F7556}") = "Gradebook.test", "test\Gradebook.test\Gradebook.test.csproj", "{8BFB2856-0781-497E-8CA8-2DCE48E443B8}"
EndProject
Global
	GlobalSection(SolutionConfigurationPlatforms) = preSolution
		Debug|Any CPU = Debug|Any CPU
		Release|Any CPU = Release|Any CPU
	EndGlobalSection
	GlobalSection(ProjectConfigurationPlatforms) = postSolution
		{ED77DB09-D613-4D96-83C3-5A32B991EB0E}.Debug|Any CPU.ActiveCfg = Debug|Any CPU
		{ED77DB09-D613-4D96-83C3-5A32B991EB0E}.Debug|Any CPU.Build.0 = Debug|Any CPU
		{ED77DB09-D613-4D96-83C3-5A32B991EB0E}.Release|Any CPU.ActiveCfg = Release|Any CPU
		{ED77DB09-D613-4D96-83C3-5A32B991EB0E}.Release|Any CPU.Build.0 = Release|Any CPU
		{8BFB2856-0781-497E-8CA8-2DCE48E443B8}.Debug|Any CPU.ActiveCfg = Debug|Any CPU
		{8BFB2856-0781-497E-8CA8-2DCE48E443B8}.Debug|Any CPU.Build.0 = Debug|Any CPU
		{8BFB2856-0781-497E-8CA8-2DCE48E443B8}.Release|Any CPU.ActiveCfg = Release|Any CPU
		{8BFB2856-0781-497E-8CA8-2DCE48E443B8}.Release|Any CPU.Build.0 = Release|Any CPU
	EndGlobalSection
	GlobalSection(SolutionProperties) = preSolution
		HideSolutionNode = FALSE
	EndGlobalSection
	GlobalSection(NestedProjects) = preSolution
		{ED77DB09-D613-4D96-83C3-5A32B991EB0E} = {F0080DC4-154C-4A88-B693-E500B5795BEA}
		{8BFB2856-0781-497E-8CA8-2DCE48E443B8} = {CB2764EF-240E-415C-80FC-0D3221CD5357}
	EndGlobalSection
	GlobalSection(ExtensibilityGlobals) = postSolution
		SolutionGuid = {9F6A0EDE-199D-4D0B-9FB7-D7A956654951}
	EndGlobalSection
EndGlobal
